
Microsoft Visual Studio Solution File, Format Version 12.00
Project("{FAE04EC0-301F-11D3-BF4B-00C04F79EFBC}") = "Movies.Api", "Movies.Api\Movies.Api.csproj", "{84F53577-BE5B-4822-98C5-CD2E9582618E}"
EndProject
Project("{FAE04EC0-301F-11D3-BF4B-00C04F79EFBC}") = "Movies.Application", "Movies.Application\Movies.Application.csproj", "{8ABC969E-5A45-412E-AD6D-D8CB9C329CD5}"
EndProject
Project("{FAE04EC0-301F-11D3-BF4B-00C04F79EFBC}") = "Movies.Contracts", "Movies.Contracts\Movies.Contracts.csproj", "{254BB857-7B54-4A32-BD0B-457D5869E408}"
EndProject
Project("{FAE04EC0-301F-11D3-BF4B-00C04F79EFBC}") = "Identity.Api", "C:\Users\mateu\Downloads\5.1\rest-api-course-final-master\Helpers\Identity.Api\Identity.Api.csproj", "{CC314561-48D7-4F64-A3DF-0A60D7085F5C}"
EndProject
Project("{FAE04EC0-301F-11D3-BF4B-00C04F79EFBC}") = "Movies.Api.Sdk", "Movies.Api.Sdk\Movies.Api.Sdk.csproj", "{0E766F49-96E0-4C42-8A12-33C50ECA656D}"
EndProject
Project("{FAE04EC0-301F-11D3-BF4B-00C04F79EFBC}") = "Movies.Api.Sdk.Consumer", "Movies.Api.Sdk.Consumer\Movies.Api.Sdk.Consumer.csproj", "{DB1F286D-7663-4BC0-8276-4981A7832988}"
EndProject
Project("{FAE04EC0-301F-11D3-BF4B-00C04F79EFBC}") = "Movies.MinimalApi", "Movies.MinimalApi\Movies.MinimalApi.csproj", "{A79EF6F7-A1A6-4314-9433-86E073AA0D3A}"
EndProject
Global
	GlobalSection(SolutionConfigurationPlatforms) = preSolution
		Debug|Any CPU = Debug|Any CPU
		Release|Any CPU = Release|Any CPU
	EndGlobalSection
	GlobalSection(ProjectConfigurationPlatforms) = postSolution
		{84F53577-BE5B-4822-98C5-CD2E9582618E}.Debug|Any CPU.ActiveCfg = Debug|Any CPU
		{84F53577-BE5B-4822-98C5-CD2E9582618E}.Debug|Any CPU.Build.0 = Debug|Any CPU
		{84F53577-BE5B-4822-98C5-CD2E9582618E}.Release|Any CPU.ActiveCfg = Release|Any CPU
		{84F53577-BE5B-4822-98C5-CD2E9582618E}.Release|Any CPU.Build.0 = Release|Any CPU
		{8ABC969E-5A45-412E-AD6D-D8CB9C329CD5}.Debug|Any CPU.ActiveCfg = Debug|Any CPU
		{8ABC969E-5A45-412E-AD6D-D8CB9C329CD5}.Debug|Any CPU.Build.0 = Debug|Any CPU
		{8ABC969E-5A45-412E-AD6D-D8CB9C329CD5}.Release|Any CPU.ActiveCfg = Release|Any CPU
		{8ABC969E-5A45-412E-AD6D-D8CB9C329CD5}.Release|Any CPU.Build.0 = Release|Any CPU
		{254BB857-7B54-4A32-BD0B-457D5869E408}.Debug|Any CPU.ActiveCfg = Debug|Any CPU
		{254BB857-7B54-4A32-BD0B-457D5869E408}.Debug|Any CPU.Build.0 = Debug|Any CPU
		{254BB857-7B54-4A32-BD0B-457D5869E408}.Release|Any CPU.ActiveCfg = Release|Any CPU
		{254BB857-7B54-4A32-BD0B-457D5869E408}.Release|Any CPU.Build.0 = Release|Any CPU
		{CC314561-48D7-4F64-A3DF-0A60D7085F5C}.Debug|Any CPU.ActiveCfg = Debug|Any CPU
		{CC314561-48D7-4F64-A3DF-0A60D7085F5C}.Debug|Any CPU.Build.0 = Debug|Any CPU
		{CC314561-48D7-4F64-A3DF-0A60D7085F5C}.Release|Any CPU.ActiveCfg = Release|Any CPU
		{CC314561-48D7-4F64-A3DF-0A60D7085F5C}.Release|Any CPU.Build.0 = Release|Any CPU
		{0E766F49-96E0-4C42-8A12-33C50ECA656D}.Debug|Any CPU.ActiveCfg = Debug|Any CPU
		{0E766F49-96E0-4C42-8A12-33C50ECA656D}.Debug|Any CPU.Build.0 = Debug|Any CPU
		{0E766F49-96E0-4C42-8A12-33C50ECA656D}.Release|Any CPU.ActiveCfg = Release|Any CPU
		{0E766F49-96E0-4C42-8A12-33C50ECA656D}.Release|Any CPU.Build.0 = Release|Any CPU
		{DB1F286D-7663-4BC0-8276-4981A7832988}.Debug|Any CPU.ActiveCfg = Debug|Any CPU
		{DB1F286D-7663-4BC0-8276-4981A7832988}.Debug|Any CPU.Build.0 = Debug|Any CPU
		{DB1F286D-7663-4BC0-8276-4981A7832988}.Release|Any CPU.ActiveCfg = Release|Any CPU
		{DB1F286D-7663-4BC0-8276-4981A7832988}.Release|Any CPU.Build.0 = Release|Any CPU
		{A79EF6F7-A1A6-4314-9433-86E073AA0D3A}.Debug|Any CPU.ActiveCfg = Debug|Any CPU
		{A79EF6F7-A1A6-4314-9433-86E073AA0D3A}.Debug|Any CPU.Build.0 = Debug|Any CPU
		{A79EF6F7-A1A6-4314-9433-86E073AA0D3A}.Release|Any CPU.ActiveCfg = Release|Any CPU
		{A79EF6F7-A1A6-4314-9433-86E073AA0D3A}.Release|Any CPU.Build.0 = Release|Any CPU
	EndGlobalSection
EndGlobal
